// !$*UTF8*$!
{
	archiveVersion = 1;
	classes = {
	};
	objectVersion = 46;
	objects = {

/* Begin PBXBuildFile section */
		550A27AE1A21986900EE0EBE /* EventTableViewCell.xib in Resources */ = {isa = PBXBuildFile; fileRef = 550A27AD1A21986900EE0EBE /* EventTableViewCell.xib */; };
		550A27B01A21989200EE0EBE /* Event.swift in Sources */ = {isa = PBXBuildFile; fileRef = 550A27AF1A21989200EE0EBE /* Event.swift */; };
		552000FD1A9BE91A003D58F7 /* RoomSettingsTableViewController.swift in Sources */ = {isa = PBXBuildFile; fileRef = 552000FC1A9BE91A003D58F7 /* RoomSettingsTableViewController.swift */; };
		552001001A9BEE67003D58F7 /* Constants.swift in Sources */ = {isa = PBXBuildFile; fileRef = 552000FF1A9BEE67003D58F7 /* Constants.swift */; };
		552001041A9BFC29003D58F7 /* RoomMananger.swift in Sources */ = {isa = PBXBuildFile; fileRef = 552001031A9BFC29003D58F7 /* RoomMananger.swift */; };
		55323E411A1D978100683378 /* AppDelegate.swift in Sources */ = {isa = PBXBuildFile; fileRef = 55323E401A1D978100683378 /* AppDelegate.swift */; };
		55323E461A1D978100683378 /* Main.storyboard in Resources */ = {isa = PBXBuildFile; fileRef = 55323E441A1D978100683378 /* Main.storyboard */; };
		55323E481A1D978100683378 /* Images.xcassets in Resources */ = {isa = PBXBuildFile; fileRef = 55323E471A1D978100683378 /* Images.xcassets */; };
		55323E4B1A1D978100683378 /* LaunchScreen.xib in Resources */ = {isa = PBXBuildFile; fileRef = 55323E491A1D978100683378 /* LaunchScreen.xib */; };
		55323E571A1D978100683378 /* CapstoneTests.swift in Sources */ = {isa = PBXBuildFile; fileRef = 55323E561A1D978100683378 /* CapstoneTests.swift */; };
		55323E631A1D9D7800683378 /* Room.swift in Sources */ = {isa = PBXBuildFile; fileRef = 55323E621A1D9D7800683378 /* Room.swift */; };
		557884D01AE9BD540041B434 /* OpenSans-Light.ttf in Resources */ = {isa = PBXBuildFile; fileRef = 557884CE1AE9BD540041B434 /* OpenSans-Light.ttf */; };
		557884D11AE9BD540041B434 /* OpenSans-Regular.ttf in Resources */ = {isa = PBXBuildFile; fileRef = 557884CF1AE9BD540041B434 /* OpenSans-Regular.ttf */; };
		559511261A9BE0530010E8E0 /* RoomViewController.swift in Sources */ = {isa = PBXBuildFile; fileRef = 559511251A9BE0530010E8E0 /* RoomViewController.swift */; };
		55D338651A1E99A800D73E3A /* HTTPRequestManager.swift in Sources */ = {isa = PBXBuildFile; fileRef = 55D338641A1E99A800D73E3A /* HTTPRequestManager.swift */; };
		55D338721A1E9D2B00D73E3A /* Alamofire.framework in CopyFiles */ = {isa = PBXBuildFile; fileRef = 55D3386C1A1E9D1100D73E3A /* Alamofire.framework */; settings = {ATTRIBUTES = (CodeSignOnCopy, RemoveHeadersOnCopy, ); }; };
		55D338741A1EA2BE00D73E3A /* RoomApiClient.swift in Sources */ = {isa = PBXBuildFile; fileRef = 55D338731A1EA2BE00D73E3A /* RoomApiClient.swift */; };
		55DFA01F1A952DF40081B11E /* DateHelpers.swift in Sources */ = {isa = PBXBuildFile; fileRef = 55DFA01E1A952DF40081B11E /* DateHelpers.swift */; };
		991A01B5B3BA5C8506004C00 /* EventTableViewCell.swift in Sources */ = {isa = PBXBuildFile; fileRef = 991A0014C0E841260193115D /* EventTableViewCell.swift */; };
		991A01CCC6E0D0E789E93D4A /* RoomTableViewController.swift in Sources */ = {isa = PBXBuildFile; fileRef = 991A07F59808CC1F5B6A19ED /* RoomTableViewController.swift */; };
		991A01CED670252A83AE757E /* EventTableViewController.swift in Sources */ = {isa = PBXBuildFile; fileRef = 991A0E87C33CC591FE8775EF /* EventTableViewController.swift */; };
/* End PBXBuildFile section */

/* Begin PBXContainerItemProxy section */
		55323E511A1D978100683378 /* PBXContainerItemProxy */ = {
			isa = PBXContainerItemProxy;
			containerPortal = 55323E331A1D978100683378 /* Project object */;
			proxyType = 1;
			remoteGlobalIDString = 55323E3A1A1D978100683378;
			remoteInfo = Capstone;
		};
		555889F61AE9769F0038123F /* PBXContainerItemProxy */ = {
			isa = PBXContainerItemProxy;
			containerPortal = 55D338661A1E9D1100D73E3A /* Alamofire.xcodeproj */;
			proxyType = 2;
			remoteGlobalIDString = 4DD67C0B1A5C55C900ED2280;
			remoteInfo = "Alamofire OSX";
		};
		555889F81AE9769F0038123F /* PBXContainerItemProxy */ = {
			isa = PBXContainerItemProxy;
			containerPortal = 55D338661A1E9D1100D73E3A /* Alamofire.xcodeproj */;
			proxyType = 2;
			remoteGlobalIDString = F829C6B21A7A94F100A2CD59;
			remoteInfo = "Alamofire OSX Tests";
		};
		55D3386B1A1E9D1100D73E3A /* PBXContainerItemProxy */ = {
			isa = PBXContainerItemProxy;
			containerPortal = 55D338661A1E9D1100D73E3A /* Alamofire.xcodeproj */;
			proxyType = 2;
			remoteGlobalIDString = F8111E3319A95C8B0040E7D1;
			remoteInfo = Alamofire;
		};
		55D3386D1A1E9D1100D73E3A /* PBXContainerItemProxy */ = {
			isa = PBXContainerItemProxy;
			containerPortal = 55D338661A1E9D1100D73E3A /* Alamofire.xcodeproj */;
			proxyType = 2;
			remoteGlobalIDString = F8111E3E19A95C8B0040E7D1;
			remoteInfo = AlamofireTests;
		};
		55D3386F1A1E9D1F00D73E3A /* PBXContainerItemProxy */ = {
			isa = PBXContainerItemProxy;
			containerPortal = 55D338661A1E9D1100D73E3A /* Alamofire.xcodeproj */;
			proxyType = 1;
			remoteGlobalIDString = F8111E3219A95C8B0040E7D1;
			remoteInfo = Alamofire;
		};
/* End PBXContainerItemProxy section */

/* Begin PBXCopyFilesBuildPhase section */
		55D338711A1E9D2100D73E3A /* CopyFiles */ = {
			isa = PBXCopyFilesBuildPhase;
			buildActionMask = 2147483647;
			dstPath = "";
			dstSubfolderSpec = 10;
			files = (
				55D338721A1E9D2B00D73E3A /* Alamofire.framework in CopyFiles */,
			);
			runOnlyForDeploymentPostprocessing = 0;
		};
/* End PBXCopyFilesBuildPhase section */

/* Begin PBXFileReference section */
		550A27AD1A21986900EE0EBE /* EventTableViewCell.xib */ = {isa = PBXFileReference; fileEncoding = 4; lastKnownFileType = file.xib; path = EventTableViewCell.xib; sourceTree = "<group>"; };
		550A27AF1A21989200EE0EBE /* Event.swift */ = {isa = PBXFileReference; fileEncoding = 4; lastKnownFileType = sourcecode.swift; path = Event.swift; sourceTree = "<group>"; };
		552000FC1A9BE91A003D58F7 /* RoomSettingsTableViewController.swift */ = {isa = PBXFileReference; fileEncoding = 4; lastKnownFileType = sourcecode.swift; path = RoomSettingsTableViewController.swift; sourceTree = "<group>"; };
		552000FF1A9BEE67003D58F7 /* Constants.swift */ = {isa = PBXFileReference; fileEncoding = 4; lastKnownFileType = sourcecode.swift; path = Constants.swift; sourceTree = "<group>"; };
		552001031A9BFC29003D58F7 /* RoomMananger.swift */ = {isa = PBXFileReference; fileEncoding = 4; lastKnownFileType = sourcecode.swift; path = RoomMananger.swift; sourceTree = "<group>"; };
		55323E3B1A1D978100683378 /* Capstone.app */ = {isa = PBXFileReference; explicitFileType = wrapper.application; includeInIndex = 0; path = Capstone.app; sourceTree = BUILT_PRODUCTS_DIR; };
		55323E3F1A1D978100683378 /* Info.plist */ = {isa = PBXFileReference; lastKnownFileType = text.plist.xml; path = Info.plist; sourceTree = "<group>"; };
		55323E401A1D978100683378 /* AppDelegate.swift */ = {isa = PBXFileReference; lastKnownFileType = sourcecode.swift; path = AppDelegate.swift; sourceTree = "<group>"; };
		55323E451A1D978100683378 /* Base */ = {isa = PBXFileReference; lastKnownFileType = file.storyboard; name = Base; path = Base.lproj/Main.storyboard; sourceTree = "<group>"; };
		55323E471A1D978100683378 /* Images.xcassets */ = {isa = PBXFileReference; lastKnownFileType = folder.assetcatalog; path = Images.xcassets; sourceTree = "<group>"; };
		55323E4A1A1D978100683378 /* Base */ = {isa = PBXFileReference; lastKnownFileType = file.xib; name = Base; path = Base.lproj/LaunchScreen.xib; sourceTree = "<group>"; };
		55323E501A1D978100683378 /* CapstoneTests.xctest */ = {isa = PBXFileReference; explicitFileType = wrapper.cfbundle; includeInIndex = 0; path = CapstoneTests.xctest; sourceTree = BUILT_PRODUCTS_DIR; };
		55323E551A1D978100683378 /* Info.plist */ = {isa = PBXFileReference; lastKnownFileType = text.plist.xml; path = Info.plist; sourceTree = "<group>"; };
		55323E561A1D978100683378 /* CapstoneTests.swift */ = {isa = PBXFileReference; lastKnownFileType = sourcecode.swift; path = CapstoneTests.swift; sourceTree = "<group>"; };
		55323E621A1D9D7800683378 /* Room.swift */ = {isa = PBXFileReference; fileEncoding = 4; lastKnownFileType = sourcecode.swift; path = Room.swift; sourceTree = "<group>"; };
		557884CE1AE9BD540041B434 /* OpenSans-Light.ttf */ = {isa = PBXFileReference; lastKnownFileType = file; name = "OpenSans-Light.ttf"; path = "../../../../../../Desktop/OpenSans-Light.ttf"; sourceTree = "<group>"; };
		557884CF1AE9BD540041B434 /* OpenSans-Regular.ttf */ = {isa = PBXFileReference; lastKnownFileType = file; name = "OpenSans-Regular.ttf"; path = "../../../../../../Desktop/OpenSans-Regular.ttf"; sourceTree = "<group>"; };
		559511251A9BE0530010E8E0 /* RoomViewController.swift */ = {isa = PBXFileReference; fileEncoding = 4; lastKnownFileType = sourcecode.swift; path = RoomViewController.swift; sourceTree = "<group>"; };
		559707C11AA7ABBE00CEC97B /* Roomroom-BridgingHeader.h */ = {isa = PBXFileReference; lastKnownFileType = sourcecode.c.h; path = "Roomroom-BridgingHeader.h"; sourceTree = "<group>"; };
		55D338641A1E99A800D73E3A /* HTTPRequestManager.swift */ = {isa = PBXFileReference; fileEncoding = 4; lastKnownFileType = sourcecode.swift; path = HTTPRequestManager.swift; sourceTree = "<group>"; };
		55D338661A1E9D1100D73E3A /* Alamofire.xcodeproj */ = {isa = PBXFileReference; lastKnownFileType = "wrapper.pb-project"; name = Alamofire.xcodeproj; path = Alamofire/Alamofire.xcodeproj; sourceTree = "<group>"; };
		55D338731A1EA2BE00D73E3A /* RoomApiClient.swift */ = {isa = PBXFileReference; fileEncoding = 4; lastKnownFileType = sourcecode.swift; path = RoomApiClient.swift; sourceTree = "<group>"; };
		55DFA01E1A952DF40081B11E /* DateHelpers.swift */ = {isa = PBXFileReference; fileEncoding = 4; lastKnownFileType = sourcecode.swift; path = DateHelpers.swift; sourceTree = "<group>"; };
		991A0014C0E841260193115D /* EventTableViewCell.swift */ = {isa = PBXFileReference; fileEncoding = 4; lastKnownFileType = sourcecode.swift; path = EventTableViewCell.swift; sourceTree = "<group>"; };
		991A07F59808CC1F5B6A19ED /* RoomTableViewController.swift */ = {isa = PBXFileReference; fileEncoding = 4; lastKnownFileType = sourcecode.swift; path = RoomTableViewController.swift; sourceTree = "<group>"; };
		991A0E87C33CC591FE8775EF /* EventTableViewController.swift */ = {isa = PBXFileReference; fileEncoding = 4; lastKnownFileType = sourcecode.swift; path = EventTableViewController.swift; sourceTree = "<group>"; };
/* End PBXFileReference section */

/* Begin PBXFrameworksBuildPhase section */
		55323E381A1D978100683378 /* Frameworks */ = {
			isa = PBXFrameworksBuildPhase;
			buildActionMask = 2147483647;
			files = (
			);
			runOnlyForDeploymentPostprocessing = 0;
		};
		55323E4D1A1D978100683378 /* Frameworks */ = {
			isa = PBXFrameworksBuildPhase;
			buildActionMask = 2147483647;
			files = (
			);
			runOnlyForDeploymentPostprocessing = 0;
		};
/* End PBXFrameworksBuildPhase section */

/* Begin PBXGroup section */
		550A27A31A21944300EE0EBE /* Models */ = {
			isa = PBXGroup;
			children = (
				55323E621A1D9D7800683378 /* Room.swift */,
				550A27AF1A21989200EE0EBE /* Event.swift */,
			);
			name = Models;
			sourceTree = "<group>";
		};
		550A27A61A21946E00EE0EBE /* API */ = {
			isa = PBXGroup;
			children = (
				55D338641A1E99A800D73E3A /* HTTPRequestManager.swift */,
				55D338731A1EA2BE00D73E3A /* RoomApiClient.swift */,
			);
			name = API;
			sourceTree = "<group>";
		};
		55323E321A1D978100683378 = {
			isa = PBXGroup;
			children = (
				55323E3D1A1D978100683378 /* Capstone */,
				55323E531A1D978100683378 /* CapstoneTests */,
				55323E3C1A1D978100683378 /* Products */,
				83085B3D75BF4092A153DC7D /* Frameworks */,
			);
			sourceTree = "<group>";
		};
		55323E3C1A1D978100683378 /* Products */ = {
			isa = PBXGroup;
			children = (
				55323E3B1A1D978100683378 /* Capstone.app */,
				55323E501A1D978100683378 /* CapstoneTests.xctest */,
			);
			name = Products;
			sourceTree = "<group>";
		};
		55323E3D1A1D978100683378 /* Capstone */ = {
			isa = PBXGroup;
			children = (
				557884CC1AE9BD250041B434 /* Resources */,
				55323E401A1D978100683378 /* AppDelegate.swift */,
				552000FF1A9BEE67003D58F7 /* Constants.swift */,
				55DFA01E1A952DF40081B11E /* DateHelpers.swift */,
				552001031A9BFC29003D58F7 /* RoomMananger.swift */,
				550A27A61A21946E00EE0EBE /* API */,
				550A27A31A21944300EE0EBE /* Models */,
				55323E441A1D978100683378 /* Main.storyboard */,
				550A27AD1A21986900EE0EBE /* EventTableViewCell.xib */,
				55323E491A1D978100683378 /* LaunchScreen.xib */,
				55323E3E1A1D978100683378 /* Supporting Files */,
				991A057B8C3D42622B09208C /* UI */,
				559707C11AA7ABBE00CEC97B /* Roomroom-BridgingHeader.h */,
			);
			path = Capstone;
			sourceTree = "<group>";
		};
		55323E3E1A1D978100683378 /* Supporting Files */ = {
			isa = PBXGroup;
			children = (
				55323E3F1A1D978100683378 /* Info.plist */,
			);
			name = "Supporting Files";
			sourceTree = "<group>";
		};
		55323E531A1D978100683378 /* CapstoneTests */ = {
			isa = PBXGroup;
			children = (
				55323E561A1D978100683378 /* CapstoneTests.swift */,
				55323E541A1D978100683378 /* Supporting Files */,
			);
			path = CapstoneTests;
			sourceTree = "<group>";
		};
		55323E541A1D978100683378 /* Supporting Files */ = {
			isa = PBXGroup;
			children = (
				55323E551A1D978100683378 /* Info.plist */,
			);
			name = "Supporting Files";
			sourceTree = "<group>";
		};
		557884CC1AE9BD250041B434 /* Resources */ = {
			isa = PBXGroup;
			children = (
				557884CD1AE9BD310041B434 /* fonts */,
				55323E471A1D978100683378 /* Images.xcassets */,
			);
			name = Resources;
			sourceTree = "<group>";
		};
		557884CD1AE9BD310041B434 /* fonts */ = {
			isa = PBXGroup;
			children = (
				557884CE1AE9BD540041B434 /* OpenSans-Light.ttf */,
				557884CF1AE9BD540041B434 /* OpenSans-Regular.ttf */,
			);
			name = fonts;
			sourceTree = "<group>";
		};
		55D338671A1E9D1100D73E3A /* Products */ = {
			isa = PBXGroup;
			children = (
				55D3386C1A1E9D1100D73E3A /* Alamofire.framework */,
				555889F71AE9769F0038123F /* Alamofire.framework */,
				55D3386E1A1E9D1100D73E3A /* Alamofire iOS Tests.xctest */,
				555889F91AE9769F0038123F /* Alamofire OSX Tests.xctest */,
			);
			name = Products;
			sourceTree = "<group>";
		};
		83085B3D75BF4092A153DC7D /* Frameworks */ = {
			isa = PBXGroup;
			children = (
				55D338661A1E9D1100D73E3A /* Alamofire.xcodeproj */,
			);
			name = Frameworks;
			sourceTree = "<group>";
		};
		991A057B8C3D42622B09208C /* UI */ = {
			isa = PBXGroup;
			children = (
				991A07F59808CC1F5B6A19ED /* RoomTableViewController.swift */,
				991A0014C0E841260193115D /* EventTableViewCell.swift */,
				991A0E87C33CC591FE8775EF /* EventTableViewController.swift */,
				559511251A9BE0530010E8E0 /* RoomViewController.swift */,
				552000FC1A9BE91A003D58F7 /* RoomSettingsTableViewController.swift */,
			);
			name = UI;
			sourceTree = "<group>";
		};
/* End PBXGroup section */

/* Begin PBXNativeTarget section */
		55323E3A1A1D978100683378 /* Capstone */ = {
			isa = PBXNativeTarget;
			buildConfigurationList = 55323E5A1A1D978100683378 /* Build configuration list for PBXNativeTarget "Capstone" */;
			buildPhases = (
				55323E371A1D978100683378 /* Sources */,
				55323E381A1D978100683378 /* Frameworks */,
				55323E391A1D978100683378 /* Resources */,
				55D338711A1E9D2100D73E3A /* CopyFiles */,
			);
			buildRules = (
			);
			dependencies = (
				55D338701A1E9D1F00D73E3A /* PBXTargetDependency */,
			);
			name = Capstone;
			productName = Capstone;
			productReference = 55323E3B1A1D978100683378 /* Capstone.app */;
			productType = "com.apple.product-type.application";
		};
		55323E4F1A1D978100683378 /* CapstoneTests */ = {
			isa = PBXNativeTarget;
			buildConfigurationList = 55323E5D1A1D978100683378 /* Build configuration list for PBXNativeTarget "CapstoneTests" */;
			buildPhases = (
				55323E4C1A1D978100683378 /* Sources */,
				55323E4D1A1D978100683378 /* Frameworks */,
				55323E4E1A1D978100683378 /* Resources */,
			);
			buildRules = (
			);
			dependencies = (
				55323E521A1D978100683378 /* PBXTargetDependency */,
			);
			name = CapstoneTests;
			productName = CapstoneTests;
			productReference = 55323E501A1D978100683378 /* CapstoneTests.xctest */;
			productType = "com.apple.product-type.bundle.unit-test";
		};
/* End PBXNativeTarget section */

/* Begin PBXProject section */
		55323E331A1D978100683378 /* Project object */ = {
			isa = PBXProject;
			attributes = {
				LastUpgradeCheck = 0610;
				ORGANIZATIONNAME = unknowndev;
				TargetAttributes = {
					55323E3A1A1D978100683378 = {
						CreatedOnToolsVersion = 6.1;
						DevelopmentTeam = 5ZF66U48UD;
					};
					55323E4F1A1D978100683378 = {
						CreatedOnToolsVersion = 6.1;
						TestTargetID = 55323E3A1A1D978100683378;
					};
				};
			};
			buildConfigurationList = 55323E361A1D978100683378 /* Build configuration list for PBXProject "Capstone" */;
			compatibilityVersion = "Xcode 3.2";
			developmentRegion = English;
			hasScannedForEncodings = 0;
			knownRegions = (
				en,
				Base,
			);
			mainGroup = 55323E321A1D978100683378;
			productRefGroup = 55323E3C1A1D978100683378 /* Products */;
			projectDirPath = "";
			projectReferences = (
				{
					ProductGroup = 55D338671A1E9D1100D73E3A /* Products */;
					ProjectRef = 55D338661A1E9D1100D73E3A /* Alamofire.xcodeproj */;
				},
			);
			projectRoot = "";
			targets = (
				55323E3A1A1D978100683378 /* Capstone */,
				55323E4F1A1D978100683378 /* CapstoneTests */,
			);
		};
/* End PBXProject section */

/* Begin PBXReferenceProxy section */
		555889F71AE9769F0038123F /* Alamofire.framework */ = {
			isa = PBXReferenceProxy;
			fileType = wrapper.framework;
			path = Alamofire.framework;
			remoteRef = 555889F61AE9769F0038123F /* PBXContainerItemProxy */;
			sourceTree = BUILT_PRODUCTS_DIR;
		};
		555889F91AE9769F0038123F /* Alamofire OSX Tests.xctest */ = {
			isa = PBXReferenceProxy;
			fileType = wrapper.cfbundle;
			path = "Alamofire OSX Tests.xctest";
			remoteRef = 555889F81AE9769F0038123F /* PBXContainerItemProxy */;
			sourceTree = BUILT_PRODUCTS_DIR;
		};
		55D3386C1A1E9D1100D73E3A /* Alamofire.framework */ = {
			isa = PBXReferenceProxy;
			fileType = wrapper.framework;
			path = Alamofire.framework;
			remoteRef = 55D3386B1A1E9D1100D73E3A /* PBXContainerItemProxy */;
			sourceTree = BUILT_PRODUCTS_DIR;
		};
		55D3386E1A1E9D1100D73E3A /* Alamofire iOS Tests.xctest */ = {
			isa = PBXReferenceProxy;
			fileType = wrapper.cfbundle;
			path = "Alamofire iOS Tests.xctest";
			remoteRef = 55D3386D1A1E9D1100D73E3A /* PBXContainerItemProxy */;
			sourceTree = BUILT_PRODUCTS_DIR;
		};
/* End PBXReferenceProxy section */

/* Begin PBXResourcesBuildPhase section */
		55323E391A1D978100683378 /* Resources */ = {
			isa = PBXResourcesBuildPhase;
			buildActionMask = 2147483647;
			files = (
				550A27AE1A21986900EE0EBE /* EventTableViewCell.xib in Resources */,
				55323E461A1D978100683378 /* Main.storyboard in Resources */,
				55323E4B1A1D978100683378 /* LaunchScreen.xib in Resources */,
				557884D01AE9BD540041B434 /* OpenSans-Light.ttf in Resources */,
				557884D11AE9BD540041B434 /* OpenSans-Regular.ttf in Resources */,
				55323E481A1D978100683378 /* Images.xcassets in Resources */,
			);
			runOnlyForDeploymentPostprocessing = 0;
		};
		55323E4E1A1D978100683378 /* Resources */ = {
			isa = PBXResourcesBuildPhase;
			buildActionMask = 2147483647;
			files = (
			);
			runOnlyForDeploymentPostprocessing = 0;
		};
/* End PBXResourcesBuildPhase section */

/* Begin PBXSourcesBuildPhase section */
		55323E371A1D978100683378 /* Sources */ = {
			isa = PBXSourcesBuildPhase;
			buildActionMask = 2147483647;
			files = (
				55D338651A1E99A800D73E3A /* HTTPRequestManager.swift in Sources */,
				55D338741A1EA2BE00D73E3A /* RoomApiClient.swift in Sources */,
				55323E411A1D978100683378 /* AppDelegate.swift in Sources */,
				559511261A9BE0530010E8E0 /* RoomViewController.swift in Sources */,
				552001041A9BFC29003D58F7 /* RoomMananger.swift in Sources */,
				550A27B01A21989200EE0EBE /* Event.swift in Sources */,
				552000FD1A9BE91A003D58F7 /* RoomSettingsTableViewController.swift in Sources */,
				55323E631A1D9D7800683378 /* Room.swift in Sources */,
				55DFA01F1A952DF40081B11E /* DateHelpers.swift in Sources */,
				991A01CCC6E0D0E789E93D4A /* RoomTableViewController.swift in Sources */,
				991A01B5B3BA5C8506004C00 /* EventTableViewCell.swift in Sources */,
				991A01CED670252A83AE757E /* EventTableViewController.swift in Sources */,
				552001001A9BEE67003D58F7 /* Constants.swift in Sources */,
			);
			runOnlyForDeploymentPostprocessing = 0;
		};
		55323E4C1A1D978100683378 /* Sources */ = {
			isa = PBXSourcesBuildPhase;
			buildActionMask = 2147483647;
			files = (
				55323E571A1D978100683378 /* CapstoneTests.swift in Sources */,
			);
			runOnlyForDeploymentPostprocessing = 0;
		};
/* End PBXSourcesBuildPhase section */

/* Begin PBXTargetDependency section */
		55323E521A1D978100683378 /* PBXTargetDependency */ = {
			isa = PBXTargetDependency;
			target = 55323E3A1A1D978100683378 /* Capstone */;
			targetProxy = 55323E511A1D978100683378 /* PBXContainerItemProxy */;
		};
		55D338701A1E9D1F00D73E3A /* PBXTargetDependency */ = {
			isa = PBXTargetDependency;
			name = Alamofire;
			targetProxy = 55D3386F1A1E9D1F00D73E3A /* PBXContainerItemProxy */;
		};
/* End PBXTargetDependency section */

/* Begin PBXVariantGroup section */
		55323E441A1D978100683378 /* Main.storyboard */ = {
			isa = PBXVariantGroup;
			children = (
				55323E451A1D978100683378 /* Base */,
			);
			name = Main.storyboard;
			sourceTree = "<group>";
		};
		55323E491A1D978100683378 /* LaunchScreen.xib */ = {
			isa = PBXVariantGroup;
			children = (
				55323E4A1A1D978100683378 /* Base */,
			);
			name = LaunchScreen.xib;
			sourceTree = "<group>";
		};
/* End PBXVariantGroup section */

/* Begin XCBuildConfiguration section */
		55323E581A1D978100683378 /* Debug */ = {
			isa = XCBuildConfiguration;
			buildSettings = {
				ALWAYS_SEARCH_USER_PATHS = NO;
				CLANG_CXX_LANGUAGE_STANDARD = "gnu++0x";
				CLANG_CXX_LIBRARY = "libc++";
				CLANG_ENABLE_MODULES = YES;
				CLANG_ENABLE_OBJC_ARC = YES;
				CLANG_WARN_BOOL_CONVERSION = YES;
				CLANG_WARN_CONSTANT_CONVERSION = YES;
				CLANG_WARN_DIRECT_OBJC_ISA_USAGE = YES_ERROR;
				CLANG_WARN_EMPTY_BODY = YES;
				CLANG_WARN_ENUM_CONVERSION = YES;
				CLANG_WARN_INT_CONVERSION = YES;
				CLANG_WARN_OBJC_ROOT_CLASS = YES_ERROR;
				CLANG_WARN_UNREACHABLE_CODE = YES;
				CLANG_WARN__DUPLICATE_METHOD_MATCH = YES;
				"CODE_SIGN_IDENTITY[sdk=iphoneos*]" = "iPhone Developer";
				COPY_PHASE_STRIP = NO;
				ENABLE_STRICT_OBJC_MSGSEND = YES;
				GCC_C_LANGUAGE_STANDARD = gnu99;
				GCC_DYNAMIC_NO_PIC = NO;
				GCC_OPTIMIZATION_LEVEL = 0;
				GCC_PREPROCESSOR_DEFINITIONS = (
					"DEBUG=1",
					"$(inherited)",
				);
				GCC_SYMBOLS_PRIVATE_EXTERN = NO;
				GCC_WARN_64_TO_32_BIT_CONVERSION = YES;
				GCC_WARN_ABOUT_RETURN_TYPE = YES_ERROR;
				GCC_WARN_UNDECLARED_SELECTOR = YES;
				GCC_WARN_UNINITIALIZED_AUTOS = YES_AGGRESSIVE;
				GCC_WARN_UNUSED_FUNCTION = YES;
				GCC_WARN_UNUSED_VARIABLE = YES;
				IPHONEOS_DEPLOYMENT_TARGET = 8.1;
				MTL_ENABLE_DEBUG_INFO = YES;
				ONLY_ACTIVE_ARCH = YES;
				SDKROOT = iphoneos;
				SWIFT_OPTIMIZATION_LEVEL = "-Onone";
				TARGETED_DEVICE_FAMILY = "1,2";
			};
			name = Debug;
		};
		55323E591A1D978100683378 /* Release */ = {
			isa = XCBuildConfiguration;
			buildSettings = {
				ALWAYS_SEARCH_USER_PATHS = NO;
				CLANG_CXX_LANGUAGE_STANDARD = "gnu++0x";
				CLANG_CXX_LIBRARY = "libc++";
				CLANG_ENABLE_MODULES = YES;
				CLANG_ENABLE_OBJC_ARC = YES;
				CLANG_WARN_BOOL_CONVERSION = YES;
				CLANG_WARN_CONSTANT_CONVERSION = YES;
				CLANG_WARN_DIRECT_OBJC_ISA_USAGE = YES_ERROR;
				CLANG_WARN_EMPTY_BODY = YES;
				CLANG_WARN_ENUM_CONVERSION = YES;
				CLANG_WARN_INT_CONVERSION = YES;
				CLANG_WARN_OBJC_ROOT_CLASS = YES_ERROR;
				CLANG_WARN_UNREACHABLE_CODE = YES;
				CLANG_WARN__DUPLICATE_METHOD_MATCH = YES;
				"CODE_SIGN_IDENTITY[sdk=iphoneos*]" = "iPhone Developer";
				COPY_PHASE_STRIP = YES;
				ENABLE_NS_ASSERTIONS = NO;
				ENABLE_STRICT_OBJC_MSGSEND = YES;
				GCC_C_LANGUAGE_STANDARD = gnu99;
				GCC_WARN_64_TO_32_BIT_CONVERSION = YES;
				GCC_WARN_ABOUT_RETURN_TYPE = YES_ERROR;
				GCC_WARN_UNDECLARED_SELECTOR = YES;
				GCC_WARN_UNINITIALIZED_AUTOS = YES_AGGRESSIVE;
				GCC_WARN_UNUSED_FUNCTION = YES;
				GCC_WARN_UNUSED_VARIABLE = YES;
				IPHONEOS_DEPLOYMENT_TARGET = 8.1;
				MTL_ENABLE_DEBUG_INFO = NO;
				SDKROOT = iphoneos;
				TARGETED_DEVICE_FAMILY = "1,2";
				VALIDATE_PRODUCT = YES;
			};
			name = Release;
		};
		55323E5B1A1D978100683378 /* Debug */ = {
			isa = XCBuildConfiguration;
			buildSettings = {
				ASSETCATALOG_COMPILER_APPICON_NAME = AppIcon;
				CODE_SIGN_IDENTITY = "iPhone Developer";
				INFOPLIST_FILE = Capstone/Info.plist;
				IPHONEOS_DEPLOYMENT_TARGET = 8.0;
				LD_RUNPATH_SEARCH_PATHS = "$(inherited) @executable_path/Frameworks";
				PRODUCT_NAME = "$(TARGET_NAME)";
				SWIFT_OBJC_BRIDGING_HEADER = "";
				TARGETED_DEVICE_FAMILY = 2;
			};
			name = Debug;
		};
		55323E5C1A1D978100683378 /* Release */ = {
			isa = XCBuildConfiguration;
			buildSettings = {
				ASSETCATALOG_COMPILER_APPICON_NAME = AppIcon;
				CODE_SIGN_IDENTITY = "iPhone Developer";
				INFOPLIST_FILE = Capstone/Info.plist;
				IPHONEOS_DEPLOYMENT_TARGET = 8.0;
				LD_RUNPATH_SEARCH_PATHS = "$(inherited) @executable_path/Frameworks";
				PRODUCT_NAME = "$(TARGET_NAME)";
				SWIFT_OBJC_BRIDGING_HEADER = "";
				TARGETED_DEVICE_FAMILY = 2;
			};
			name = Release;
		};
		55323E5E1A1D978100683378 /* Debug */ = {
			isa = XCBuildConfiguration;
			buildSettings = {
				BUNDLE_LOADER = "$(TEST_HOST)";
				FRAMEWORK_SEARCH_PATHS = (
					"$(SDKROOT)/Developer/Library/Frameworks",
					"$(inherited)",
				);
				GCC_PREPROCESSOR_DEFINITIONS = (
					"DEBUG=1",
					"$(inherited)",
				);
				INFOPLIST_FILE = CapstoneTests/Info.plist;
				LD_RUNPATH_SEARCH_PATHS = "$(inherited) @executable_path/Frameworks @loader_path/Frameworks";
				PRODUCT_NAME = "$(TARGET_NAME)";
				TEST_HOST = "$(BUILT_PRODUCTS_DIR)/Capstone.app/Capstone";
			};
			name = Debug;
		};
		55323E5F1A1D978100683378 /* Release */ = {
			isa = XCBuildConfiguration;
			buildSettings = {
				BUNDLE_LOADER = "$(TEST_HOST)";
				FRAMEWORK_SEARCH_PATHS = (
					"$(SDKROOT)/Developer/Library/Frameworks",
					"$(inherited)",
				);
				INFOPLIST_FILE = CapstoneTests/Info.plist;
				LD_RUNPATH_SEARCH_PATHS = "$(inherited) @executable_path/Frameworks @loader_path/Frameworks";
				PRODUCT_NAME = "$(TARGET_NAME)";
				TEST_HOST = "$(BUILT_PRODUCTS_DIR)/Capstone.app/Capstone";
			};
			name = Release;
		};
/* End XCBuildConfiguration section */

/* Begin XCConfigurationList section */
		55323E361A1D978100683378 /* Build configuration list for PBXProject "Capstone" */ = {
			isa = XCConfigurationList;
			buildConfigurations = (
				55323E581A1D978100683378 /* Debug */,
				55323E591A1D978100683378 /* Release */,
			);
			defaultConfigurationIsVisible = 0;
			defaultConfigurationName = Release;
		};
		55323E5A1A1D978100683378 /* Build configuration list for PBXNativeTarget "Capstone" */ = {
			isa = XCConfigurationList;
			buildConfigurations = (
				55323E5B1A1D978100683378 /* Debug */,
				55323E5C1A1D978100683378 /* Release */,
			);
			defaultConfigurationIsVisible = 0;
			defaultConfigurationName = Release;
		};
		55323E5D1A1D978100683378 /* Build configuration list for PBXNativeTarget "CapstoneTests" */ = {
			isa = XCConfigurationList;
			buildConfigurations = (
				55323E5E1A1D978100683378 /* Debug */,
				55323E5F1A1D978100683378 /* Release */,
			);
			defaultConfigurationIsVisible = 0;
			defaultConfigurationName = Release;
		};
/* End XCConfigurationList section */
	};
	rootObject = 55323E331A1D978100683378 /* Project object */;
}
